<?xml version="1.0" encoding="utf-8"?>
<Project ToolsVersion="4.0" xmlns="http://schemas.microsoft.com/developer/msbuild/2003">
  <ItemGroup>
    <Filter Include="Source Files">
      <UniqueIdentifier>{4FC737F1-C7A5-4376-A066-2A32D752A2FF}</UniqueIdentifier>
      <Extensions>cpp;c;cc;cxx;c++;cppm;ixx;def;odl;idl;hpj;bat;asm;asmx</Extensions>
    </Filter>
    <Filter Include="Header Files">
      <UniqueIdentifier>{93995380-89BD-4b04-88EB-625FBE52EBFB}</UniqueIdentifier>
      <Extensions>h;hh;hpp;hxx;h++;hm;inl;inc;ipp;xsd</Extensions>
    </Filter>
    <Filter Include="Resource Files">
      <UniqueIdentifier>{67DA6AB6-F800-4c08-8B7A-83BB121AAD01}</UniqueIdentifier>
      <Extensions>rc;ico;cur;bmp;dlg;rc2;rct;bin;rgs;gif;jpg;jpeg;jpe;resx;tiff;tif;png;wav;mfcribbon-ms</Extensions>
    </Filter>
  </ItemGroup>
  <ItemGroup>
    <ClCompile Include="program.cpp">
      <Filter>Source Files</Filter>
    </ClCompile>
    <ClCompile Include="external\sources\glad\glad.c">
      <Filter>Source Files</Filter>
    </ClCompile>
    <ClCompile Include="sources\graphics\vao.cpp">
      <Filter>Source Files</Filter>
    </ClCompile>
    <ClCompile Include="sources\graphics\vbo.cpp">
      <Filter>Source Files</Filter>
    </ClCompile>
    <ClCompile Include="sources\graphics\ibo.cpp">
      <Filter>Source Files</Filter>
    </ClCompile>
    <ClCompile Include="sources\graphics\shader.cpp">
      <Filter>Source Files</Filter>
    </ClCompile>
    <ClCompile Include="sources\utils\camera.cpp">
      <Filter>Source Files</Filter>
    </ClCompile>
    <ClCompile Include="sources\graphics\texture.cpp">
      <Filter>Source Files</Filter>
    </ClCompile>
    <ClCompile Include="sources\graphics\framebuffer.cpp">
      <Filter>Source Files</Filter>
    </ClCompile>
    <ClCompile Include="sources\graphics\cubemap.cpp">
      <Filter>Source Files</Filter>
    </ClCompile>
    <ClCompile Include="sources\utils\debug.cpp">
      <Filter>Source Files</Filter>
    </ClCompile>
  </ItemGroup>
  <ItemGroup>
    <ClInclude Include="sources\graphics\vao.h">
      <Filter>Header Files</Filter>
    </ClInclude>
    <ClInclude Include="sources\graphics\vbo.h">
      <Filter>Header Files</Filter>
    </ClInclude>
    <ClInclude Include="sources\graphics\ibo.h">
      <Filter>Header Files</Filter>
    </ClInclude>
    <ClInclude Include="sources\graphics\shader.h">
      <Filter>Header Files</Filter>
    </ClInclude>
    <ClInclude Include="sources\utils\camera.h">
      <Filter>Header Files</Filter>
    </ClInclude>
    <ClInclude Include="sources\graphics\texture.h">
      <Filter>Header Files</Filter>
    </ClInclude>
    <ClInclude Include="sources\graphics\framebuffer.h">
      <Filter>Header Files</Filter>
    </ClInclude>
    <ClInclude Include="sources\graphics\cubemap.h">
      <Filter>Header Files</Filter>
    </ClInclude>
    <ClInclude Include="sources\utils\debug.h">
      <Filter>Header Files</Filter>
    </ClInclude>
  </ItemGroup>
  <ItemGroup>
    <None Include="sources\shaders\2_pbr_texturized_vs.glsl" />
    <None Include="sources\shaders\2_pbr_texturized_fs.glsl" />
    <None Include="sources\shaders\1_pbr_vs.glsl" />
    <None Include="sources\shaders\1_pbr_fs.glsl" />
    <None Include="sources\shaders\3_equirectangular2cubemap_vs.glsl" />
    <None Include="sources\shaders\3_equirectangular2cubemap_fs.glsl" />
    <None Include="sources\shaders\3_environment_vs.glsl" />
    <None Include="sources\shaders\3_environment_fs.glsl" />
    <None Include="sources\shaders\3_irradiance_convolution_vs.glsl" />
    <None Include="sources\shaders\3_irradiance_convolution_fs.glsl" />
    <None Include="sources\shaders\4_prefilter_convolution_vs.glsl" />
    <None Include="sources\shaders\4_prefilter_convolution_fs.glsl" />
    <None Include="sources\shaders\4_brdf_vs.glsl" />
    <None Include="sources\shaders\4_brdf_fs.glsl" />
  </ItemGroup>
</Project>